
Microsoft Visual Studio Solution File, Format Version 12.00
# Visual Studio Version 16
VisualStudioVersion = 16.0.31729.503
MinimumVisualStudioVersion = 10.0.40219.1
Project("{FAE04EC0-301F-11D3-BF4B-00C04F79EFBC}") = "24HourAPI.API", "24HourAPI_API\24HourAPI.API.csproj", "{38784F12-07B2-449E-9377-E2565806BE5B}"
EndProject
Project("{FAE04EC0-301F-11D3-BF4B-00C04F79EFBC}") = "24HourAPI.Data", "24HourAPI_Data\24HourAPI.Data.csproj", "{B780D45D-7DE6-43EE-AEC9-B4B2FB9656C4}"
EndProject
Project("{FAE04EC0-301F-11D3-BF4B-00C04F79EFBC}") = "24HourAPI.Models", "24HourAPI.Models\24HourAPI.Models.csproj", "{6CF73D89-D490-4D8F-8D8C-B04C1CC3C2AF}"
EndProject
Project("{FAE04EC0-301F-11D3-BF4B-00C04F79EFBC}") = "24HourAPI.Services", "24HourAPI.Services\24HourAPI.Services.csproj", "{11F8EEF5-E501-49BE-BF65-C0739E40FD36}"
EndProject
Global
	GlobalSection(SolutionConfigurationPlatforms) = preSolution
		Debug|Any CPU = Debug|Any CPU
		Release|Any CPU = Release|Any CPU
	EndGlobalSection
	GlobalSection(ProjectConfigurationPlatforms) = postSolution
		{38784F12-07B2-449E-9377-E2565806BE5B}.Debug|Any CPU.ActiveCfg = Debug|Any CPU
		{38784F12-07B2-449E-9377-E2565806BE5B}.Debug|Any CPU.Build.0 = Debug|Any CPU
		{38784F12-07B2-449E-9377-E2565806BE5B}.Release|Any CPU.ActiveCfg = Release|Any CPU
		{38784F12-07B2-449E-9377-E2565806BE5B}.Release|Any CPU.Build.0 = Release|Any CPU
		{B780D45D-7DE6-43EE-AEC9-B4B2FB9656C4}.Debug|Any CPU.ActiveCfg = Debug|Any CPU
		{B780D45D-7DE6-43EE-AEC9-B4B2FB9656C4}.Debug|Any CPU.Build.0 = Debug|Any CPU
		{B780D45D-7DE6-43EE-AEC9-B4B2FB9656C4}.Release|Any CPU.ActiveCfg = Release|Any CPU
		{B780D45D-7DE6-43EE-AEC9-B4B2FB9656C4}.Release|Any CPU.Build.0 = Release|Any CPU
		{6CF73D89-D490-4D8F-8D8C-B04C1CC3C2AF}.Debug|Any CPU.ActiveCfg = Debug|Any CPU
		{6CF73D89-D490-4D8F-8D8C-B04C1CC3C2AF}.Debug|Any CPU.Build.0 = Debug|Any CPU
		{6CF73D89-D490-4D8F-8D8C-B04C1CC3C2AF}.Release|Any CPU.ActiveCfg = Release|Any CPU
		{6CF73D89-D490-4D8F-8D8C-B04C1CC3C2AF}.Release|Any CPU.Build.0 = Release|Any CPU
		{11F8EEF5-E501-49BE-BF65-C0739E40FD36}.Debug|Any CPU.ActiveCfg = Debug|Any CPU
		{11F8EEF5-E501-49BE-BF65-C0739E40FD36}.Debug|Any CPU.Build.0 = Debug|Any CPU
		{11F8EEF5-E501-49BE-BF65-C0739E40FD36}.Release|Any CPU.ActiveCfg = Release|Any CPU
		{11F8EEF5-E501-49BE-BF65-C0739E40FD36}.Release|Any CPU.Build.0 = Release|Any CPU
	EndGlobalSection
	GlobalSection(SolutionProperties) = preSolution
		HideSolutionNode = FALSE
	EndGlobalSection
	GlobalSection(ExtensibilityGlobals) = postSolution
		SolutionGuid = {90BE81B4-9401-4C8E-A06A-2CEA55C21623}
	EndGlobalSection
EndGlobal
